{
  "requires": true,
  "lockfileVersion": 1,
  "dependencies": {
    "bootstrap-v4-rtl": {
      "version": "4.4.1-1",
      "resolved": "https://registry.npmjs.org/bootstrap-v4-rtl/-/bootstrap-v4-rtl-4.4.1-1.tgz",
      "integrity": "sha512-aCqObttpd8cJs2MQyVmghHliKOzu7qDtUXBuN54gUYfxVV83w1k3IfEyVr9isdYJ8hGWpwPz3kfpt9rXX6y3Xw=="
    }
  }
}
